// !$*UTF8*$!
{
	archiveVersion = 1;
	classes = {
	};
	objectVersion = 56;
	objects = {

/* Begin PBXBuildFile section */
		A74BA1652A3187C700A4363D /* TableSectionHeader.swift in Sources */ = {isa = PBXBuildFile; fileRef = A74BA1642A3187C700A4363D /* TableSectionHeader.swift */; };
		A7DCE3412A20A49D00FC0981 /* AppDelegate.swift in Sources */ = {isa = PBXBuildFile; fileRef = A7DCE3402A20A49D00FC0981 /* AppDelegate.swift */; };
		A7DCE3432A20A49D00FC0981 /* SceneDelegate.swift in Sources */ = {isa = PBXBuildFile; fileRef = A7DCE3422A20A49D00FC0981 /* SceneDelegate.swift */; };
		A7DCE3452A20A49D00FC0981 /* ViewController.swift in Sources */ = {isa = PBXBuildFile; fileRef = A7DCE3442A20A49D00FC0981 /* ViewController.swift */; };
		A7DCE34B2A20A49D00FC0981 /* DeunDeun.xcdatamodeld in Sources */ = {isa = PBXBuildFile; fileRef = A7DCE3492A20A49D00FC0981 /* DeunDeun.xcdatamodeld */; };
		A7DCE34D2A20A49E00FC0981 /* Assets.xcassets in Resources */ = {isa = PBXBuildFile; fileRef = A7DCE34C2A20A49E00FC0981 /* Assets.xcassets */; };
		A7DCE3502A20A49E00FC0981 /* LaunchScreen.storyboard in Resources */ = {isa = PBXBuildFile; fileRef = A7DCE34E2A20A49E00FC0981 /* LaunchScreen.storyboard */; };
		A7DCE3592A20A55E00FC0981 /* NetworkManager.swift in Sources */ = {isa = PBXBuildFile; fileRef = A7DCE3582A20A55E00FC0981 /* NetworkManager.swift */; };
		A7DCE35C2A2231CA00FC0981 /* Menu.swift in Sources */ = {isa = PBXBuildFile; fileRef = A7DCE35B2A2231CA00FC0981 /* Menu.swift */; };
		A7DCE35F2A2235B500FC0981 /* DateManager.swift in Sources */ = {isa = PBXBuildFile; fileRef = A7DCE35E2A2235B500FC0981 /* DateManager.swift */; };
		A7DCE3652A25CF7B00FC0981 /* MenuTableView.swift in Sources */ = {isa = PBXBuildFile; fileRef = A7DCE3642A25CF7B00FC0981 /* MenuTableView.swift */; };
		A7DCE36B2A26D79A00FC0981 /* DateUIView.swift in Sources */ = {isa = PBXBuildFile; fileRef = A7DCE36A2A26D79A00FC0981 /* DateUIView.swift */; };
		A7E0ADB62A30644C00AF875B /* MenuStorage.swift in Sources */ = {isa = PBXBuildFile; fileRef = A7E0ADB52A30644C00AF875B /* MenuStorage.swift */; };
/* End PBXBuildFile section */

/* Begin PBXFileReference section */
		A74BA1642A3187C700A4363D /* TableSectionHeader.swift */ = {isa = PBXFileReference; lastKnownFileType = sourcecode.swift; path = TableSectionHeader.swift; sourceTree = "<group>"; };
		A7DCE33D2A20A49D00FC0981 /* DeunDeun.app */ = {isa = PBXFileReference; explicitFileType = wrapper.application; includeInIndex = 0; path = DeunDeun.app; sourceTree = BUILT_PRODUCTS_DIR; };
		A7DCE3402A20A49D00FC0981 /* AppDelegate.swift */ = {isa = PBXFileReference; lastKnownFileType = sourcecode.swift; path = AppDelegate.swift; sourceTree = "<group>"; };
		A7DCE3422A20A49D00FC0981 /* SceneDelegate.swift */ = {isa = PBXFileReference; lastKnownFileType = sourcecode.swift; path = SceneDelegate.swift; sourceTree = "<group>"; };
		A7DCE3442A20A49D00FC0981 /* ViewController.swift */ = {isa = PBXFileReference; lastKnownFileType = sourcecode.swift; path = ViewController.swift; sourceTree = "<group>"; };
		A7DCE34A2A20A49D00FC0981 /* DeunDeun.xcdatamodel */ = {isa = PBXFileReference; lastKnownFileType = wrapper.xcdatamodel; path = DeunDeun.xcdatamodel; sourceTree = "<group>"; };
		A7DCE34C2A20A49E00FC0981 /* Assets.xcassets */ = {isa = PBXFileReference; lastKnownFileType = folder.assetcatalog; path = Assets.xcassets; sourceTree = "<group>"; };
		A7DCE34F2A20A49E00FC0981 /* Base */ = {isa = PBXFileReference; lastKnownFileType = file.storyboard; name = Base; path = Base.lproj/LaunchScreen.storyboard; sourceTree = "<group>"; };
		A7DCE3512A20A49E00FC0981 /* Info.plist */ = {isa = PBXFileReference; lastKnownFileType = text.plist.xml; path = Info.plist; sourceTree = "<group>"; };
		A7DCE3582A20A55E00FC0981 /* NetworkManager.swift */ = {isa = PBXFileReference; lastKnownFileType = sourcecode.swift; path = NetworkManager.swift; sourceTree = "<group>"; };
		A7DCE35B2A2231CA00FC0981 /* Menu.swift */ = {isa = PBXFileReference; lastKnownFileType = sourcecode.swift; path = Menu.swift; sourceTree = "<group>"; };
		A7DCE35E2A2235B500FC0981 /* DateManager.swift */ = {isa = PBXFileReference; lastKnownFileType = sourcecode.swift; path = DateManager.swift; sourceTree = "<group>"; };
		A7DCE3642A25CF7B00FC0981 /* MenuTableView.swift */ = {isa = PBXFileReference; lastKnownFileType = sourcecode.swift; path = MenuTableView.swift; sourceTree = "<group>"; };
		A7DCE36A2A26D79A00FC0981 /* DateUIView.swift */ = {isa = PBXFileReference; lastKnownFileType = sourcecode.swift; path = DateUIView.swift; sourceTree = "<group>"; };
		A7E0ADB52A30644C00AF875B /* MenuStorage.swift */ = {isa = PBXFileReference; lastKnownFileType = sourcecode.swift; path = MenuStorage.swift; sourceTree = "<group>"; };
/* End PBXFileReference section */

/* Begin PBXFrameworksBuildPhase section */
		A7DCE33A2A20A49D00FC0981 /* Frameworks */ = {
			isa = PBXFrameworksBuildPhase;
			buildActionMask = 2147483647;
			files = (
			);
			runOnlyForDeploymentPostprocessing = 0;
		};
/* End PBXFrameworksBuildPhase section */

/* Begin PBXGroup section */
		A7DCE3342A20A49D00FC0981 = {
			isa = PBXGroup;
			children = (
				A7DCE33F2A20A49D00FC0981 /* DeunDeun */,
				A7DCE33E2A20A49D00FC0981 /* Products */,
			);
			sourceTree = "<group>";
		};
		A7DCE33E2A20A49D00FC0981 /* Products */ = {
			isa = PBXGroup;
			children = (
				A7DCE33D2A20A49D00FC0981 /* DeunDeun.app */,
			);
			name = Products;
			sourceTree = "<group>";
		};
		A7DCE33F2A20A49D00FC0981 /* DeunDeun */ = {
			isa = PBXGroup;
			children = (
				A7DCE3612A25CF5C00FC0981 /* View */,
				A7DCE3602A25C50D00FC0981 /* ViewController */,
				A7DCE35D2A2235AA00FC0981 /* Service */,
				A7DCE35A2A2231AF00FC0981 /* Model */,
				A7DCE3402A20A49D00FC0981 /* AppDelegate.swift */,
				A7DCE3422A20A49D00FC0981 /* SceneDelegate.swift */,
				A7DCE34C2A20A49E00FC0981 /* Assets.xcassets */,
				A7DCE34E2A20A49E00FC0981 /* LaunchScreen.storyboard */,
				A7DCE3512A20A49E00FC0981 /* Info.plist */,
				A7DCE3492A20A49D00FC0981 /* DeunDeun.xcdatamodeld */,
			);
			path = DeunDeun;
			sourceTree = "<group>";
		};
		A7DCE35A2A2231AF00FC0981 /* Model */ = {
			isa = PBXGroup;
			children = (
				A7DCE35B2A2231CA00FC0981 /* Menu.swift */,
			);
			path = Model;
			sourceTree = "<group>";
		};
		A7DCE35D2A2235AA00FC0981 /* Service */ = {
			isa = PBXGroup;
			children = (
				A7DCE3582A20A55E00FC0981 /* NetworkManager.swift */,
				A7DCE35E2A2235B500FC0981 /* DateManager.swift */,
				A7E0ADB52A30644C00AF875B /* MenuStorage.swift */,
			);
			path = Service;
			sourceTree = "<group>";
		};
		A7DCE3602A25C50D00FC0981 /* ViewController */ = {
			isa = PBXGroup;
			children = (
				A7DCE3442A20A49D00FC0981 /* ViewController.swift */,
			);
			path = ViewController;
			sourceTree = "<group>";
		};
		A7DCE3612A25CF5C00FC0981 /* View */ = {
			isa = PBXGroup;
			children = (
				A7DCE3642A25CF7B00FC0981 /* MenuTableView.swift */,
				A7DCE36A2A26D79A00FC0981 /* DateUIView.swift */,
				A74BA1642A3187C700A4363D /* TableSectionHeader.swift */,
			);
			path = View;
			sourceTree = "<group>";
		};
/* End PBXGroup section */

/* Begin PBXNativeTarget section */
		A7DCE33C2A20A49D00FC0981 /* DeunDeun */ = {
			isa = PBXNativeTarget;
			buildConfigurationList = A7DCE3542A20A49E00FC0981 /* Build configuration list for PBXNativeTarget "DeunDeun" */;
			buildPhases = (
				A7DCE3392A20A49D00FC0981 /* Sources */,
				A7DCE33A2A20A49D00FC0981 /* Frameworks */,
				A7DCE33B2A20A49D00FC0981 /* Resources */,
			);
			buildRules = (
			);
			dependencies = (
			);
			name = DeunDeun;
			productName = DeunDeun;
			productReference = A7DCE33D2A20A49D00FC0981 /* DeunDeun.app */;
			productType = "com.apple.product-type.application";
		};
/* End PBXNativeTarget section */

/* Begin PBXProject section */
		A7DCE3352A20A49D00FC0981 /* Project object */ = {
			isa = PBXProject;
			attributes = {
				BuildIndependentTargetsInParallel = 1;
				LastSwiftUpdateCheck = 1430;
				LastUpgradeCheck = 1430;
				TargetAttributes = {
					A7DCE33C2A20A49D00FC0981 = {
						CreatedOnToolsVersion = 14.3;
					};
				};
			};
			buildConfigurationList = A7DCE3382A20A49D00FC0981 /* Build configuration list for PBXProject "DeunDeun" */;
			compatibilityVersion = "Xcode 14.0";
			developmentRegion = en;
			hasScannedForEncodings = 0;
			knownRegions = (
				en,
				Base,
			);
			mainGroup = A7DCE3342A20A49D00FC0981;
			productRefGroup = A7DCE33E2A20A49D00FC0981 /* Products */;
			projectDirPath = "";
			projectRoot = "";
			targets = (
				A7DCE33C2A20A49D00FC0981 /* DeunDeun */,
			);
		};
/* End PBXProject section */

/* Begin PBXResourcesBuildPhase section */
		A7DCE33B2A20A49D00FC0981 /* Resources */ = {
			isa = PBXResourcesBuildPhase;
			buildActionMask = 2147483647;
			files = (
				A7DCE3502A20A49E00FC0981 /* LaunchScreen.storyboard in Resources */,
				A7DCE34D2A20A49E00FC0981 /* Assets.xcassets in Resources */,
			);
			runOnlyForDeploymentPostprocessing = 0;
		};
/* End PBXResourcesBuildPhase section */

/* Begin PBXSourcesBuildPhase section */
		A7DCE3392A20A49D00FC0981 /* Sources */ = {
			isa = PBXSourcesBuildPhase;
			buildActionMask = 2147483647;
			files = (
				A7DCE35F2A2235B500FC0981 /* DateManager.swift in Sources */,
				A7DCE3652A25CF7B00FC0981 /* MenuTableView.swift in Sources */,
				A7E0ADB62A30644C00AF875B /* MenuStorage.swift in Sources */,
				A74BA1652A3187C700A4363D /* TableSectionHeader.swift in Sources */,
				A7DCE35C2A2231CA00FC0981 /* Menu.swift in Sources */,
				A7DCE3452A20A49D00FC0981 /* ViewController.swift in Sources */,
				A7DCE34B2A20A49D00FC0981 /* DeunDeun.xcdatamodeld in Sources */,
				A7DCE3592A20A55E00FC0981 /* NetworkManager.swift in Sources */,
				A7DCE3412A20A49D00FC0981 /* AppDelegate.swift in Sources */,
				A7DCE36B2A26D79A00FC0981 /* DateUIView.swift in Sources */,
				A7DCE3432A20A49D00FC0981 /* SceneDelegate.swift in Sources */,
			);
			runOnlyForDeploymentPostprocessing = 0;
		};
/* End PBXSourcesBuildPhase section */

/* Begin PBXVariantGroup section */
		A7DCE34E2A20A49E00FC0981 /* LaunchScreen.storyboard */ = {
			isa = PBXVariantGroup;
			children = (
				A7DCE34F2A20A49E00FC0981 /* Base */,
			);
			name = LaunchScreen.storyboard;
			sourceTree = "<group>";
		};
/* End PBXVariantGroup section */

/* Begin XCBuildConfiguration section */
		A7DCE3522A20A49E00FC0981 /* Debug */ = {
			isa = XCBuildConfiguration;
			buildSettings = {
				ALWAYS_SEARCH_USER_PATHS = NO;
				CLANG_ANALYZER_NONNULL = YES;
				CLANG_ANALYZER_NUMBER_OBJECT_CONVERSION = YES_AGGRESSIVE;
				CLANG_CXX_LANGUAGE_STANDARD = "gnu++20";
				CLANG_ENABLE_MODULES = YES;
				CLANG_ENABLE_OBJC_ARC = YES;
				CLANG_ENABLE_OBJC_WEAK = YES;
				CLANG_WARN_BLOCK_CAPTURE_AUTORELEASING = YES;
				CLANG_WARN_BOOL_CONVERSION = YES;
				CLANG_WARN_COMMA = YES;
				CLANG_WARN_CONSTANT_CONVERSION = YES;
				CLANG_WARN_DEPRECATED_OBJC_IMPLEMENTATIONS = YES;
				CLANG_WARN_DIRECT_OBJC_ISA_USAGE = YES_ERROR;
				CLANG_WARN_DOCUMENTATION_COMMENTS = YES;
				CLANG_WARN_EMPTY_BODY = YES;
				CLANG_WARN_ENUM_CONVERSION = YES;
				CLANG_WARN_INFINITE_RECURSION = YES;
				CLANG_WARN_INT_CONVERSION = YES;
				CLANG_WARN_NON_LITERAL_NULL_CONVERSION = YES;
				CLANG_WARN_OBJC_IMPLICIT_RETAIN_SELF = YES;
				CLANG_WARN_OBJC_LITERAL_CONVERSION = YES;
				CLANG_WARN_OBJC_ROOT_CLASS = YES_ERROR;
				CLANG_WARN_QUOTED_INCLUDE_IN_FRAMEWORK_HEADER = YES;
				CLANG_WARN_RANGE_LOOP_ANALYSIS = YES;
				CLANG_WARN_STRICT_PROTOTYPES = YES;
				CLANG_WARN_SUSPICIOUS_MOVE = YES;
				CLANG_WARN_UNGUARDED_AVAILABILITY = YES_AGGRESSIVE;
				CLANG_WARN_UNREACHABLE_CODE = YES;
				CLANG_WARN__DUPLICATE_METHOD_MATCH = YES;
				COPY_PHASE_STRIP = NO;
				DEBUG_INFORMATION_FORMAT = dwarf;
				ENABLE_STRICT_OBJC_MSGSEND = YES;
				ENABLE_TESTABILITY = YES;
				GCC_C_LANGUAGE_STANDARD = gnu11;
				GCC_DYNAMIC_NO_PIC = NO;
				GCC_NO_COMMON_BLOCKS = YES;
				GCC_OPTIMIZATION_LEVEL = 0;
				GCC_PREPROCESSOR_DEFINITIONS = (
					"DEBUG=1",
					"$(inherited)",
				);
				GCC_WARN_64_TO_32_BIT_CONVERSION = YES;
				GCC_WARN_ABOUT_RETURN_TYPE = YES_ERROR;
				GCC_WARN_UNDECLARED_SELECTOR = YES;
				GCC_WARN_UNINITIALIZED_AUTOS = YES_AGGRESSIVE;
				GCC_WARN_UNUSED_FUNCTION = YES;
				GCC_WARN_UNUSED_VARIABLE = YES;
				IPHONEOS_DEPLOYMENT_TARGET = 16.4;
				MTL_ENABLE_DEBUG_INFO = INCLUDE_SOURCE;
				MTL_FAST_MATH = YES;
				ONLY_ACTIVE_ARCH = YES;
				SDKROOT = iphoneos;
				SWIFT_ACTIVE_COMPILATION_CONDITIONS = DEBUG;
				SWIFT_OPTIMIZATION_LEVEL = "-Onone";
			};
			name = Debug;
		};
		A7DCE3532A20A49E00FC0981 /* Release */ = {
			isa = XCBuildConfiguration;
			buildSettings = {
				ALWAYS_SEARCH_USER_PATHS = NO;
				CLANG_ANALYZER_NONNULL = YES;
				CLANG_ANALYZER_NUMBER_OBJECT_CONVERSION = YES_AGGRESSIVE;
				CLANG_CXX_LANGUAGE_STANDARD = "gnu++20";
				CLANG_ENABLE_MODULES = YES;
				CLANG_ENABLE_OBJC_ARC = YES;
				CLANG_ENABLE_OBJC_WEAK = YES;
				CLANG_WARN_BLOCK_CAPTURE_AUTORELEASING = YES;
				CLANG_WARN_BOOL_CONVERSION = YES;
				CLANG_WARN_COMMA = YES;
				CLANG_WARN_CONSTANT_CONVERSION = YES;
				CLANG_WARN_DEPRECATED_OBJC_IMPLEMENTATIONS = YES;
				CLANG_WARN_DIRECT_OBJC_ISA_USAGE = YES_ERROR;
				CLANG_WARN_DOCUMENTATION_COMMENTS = YES;
				CLANG_WARN_EMPTY_BODY = YES;
				CLANG_WARN_ENUM_CONVERSION = YES;
				CLANG_WARN_INFINITE_RECURSION = YES;
				CLANG_WARN_INT_CONVERSION = YES;
				CLANG_WARN_NON_LITERAL_NULL_CONVERSION = YES;
				CLANG_WARN_OBJC_IMPLICIT_RETAIN_SELF = YES;
				CLANG_WARN_OBJC_LITERAL_CONVERSION = YES;
				CLANG_WARN_OBJC_ROOT_CLASS = YES_ERROR;
				CLANG_WARN_QUOTED_INCLUDE_IN_FRAMEWORK_HEADER = YES;
				CLANG_WARN_RANGE_LOOP_ANALYSIS = YES;
				CLANG_WARN_STRICT_PROTOTYPES = YES;
				CLANG_WARN_SUSPICIOUS_MOVE = YES;
				CLANG_WARN_UNGUARDED_AVAILABILITY = YES_AGGRESSIVE;
				CLANG_WARN_UNREACHABLE_CODE = YES;
				CLANG_WARN__DUPLICATE_METHOD_MATCH = YES;
				COPY_PHASE_STRIP = NO;
				DEBUG_INFORMATION_FORMAT = "dwarf-with-dsym";
				ENABLE_NS_ASSERTIONS = NO;
				ENABLE_STRICT_OBJC_MSGSEND = YES;
				GCC_C_LANGUAGE_STANDARD = gnu11;
				GCC_NO_COMMON_BLOCKS = YES;
				GCC_WARN_64_TO_32_BIT_CONVERSION = YES;
				GCC_WARN_ABOUT_RETURN_TYPE = YES_ERROR;
				GCC_WARN_UNDECLARED_SELECTOR = YES;
				GCC_WARN_UNINITIALIZED_AUTOS = YES_AGGRESSIVE;
				GCC_WARN_UNUSED_FUNCTION = YES;
				GCC_WARN_UNUSED_VARIABLE = YES;
				IPHONEOS_DEPLOYMENT_TARGET = 16.4;
				MTL_ENABLE_DEBUG_INFO = NO;
				MTL_FAST_MATH = YES;
				SDKROOT = iphoneos;
				SWIFT_COMPILATION_MODE = wholemodule;
				SWIFT_OPTIMIZATION_LEVEL = "-O";
				VALIDATE_PRODUCT = YES;
			};
			name = Release;
		};
		A7DCE3552A20A49E00FC0981 /* Debug */ = {
			isa = XCBuildConfiguration;
			buildSettings = {
				ASSETCATALOG_COMPILER_APPICON_NAME = AppIcon;
				ASSETCATALOG_COMPILER_GLOBAL_ACCENT_COLOR_NAME = AccentColor;
				CODE_SIGN_STYLE = Automatic;
				CURRENT_PROJECT_VERSION = 1;
				DEVELOPMENT_TEAM = S45U2Z8NHP;
				GENERATE_INFOPLIST_FILE = YES;
				INFOPLIST_FILE = DeunDeun/Info.plist;
				INFOPLIST_KEY_UIApplicationSupportsIndirectInputEvents = YES;
				INFOPLIST_KEY_UILaunchStoryboardName = LaunchScreen;
				INFOPLIST_KEY_UISupportedInterfaceOrientations_iPad = "UIInterfaceOrientationPortrait UIInterfaceOrientationPortraitUpsideDown UIInterfaceOrientationLandscapeLeft UIInterfaceOrientationLandscapeRight";
				INFOPLIST_KEY_UISupportedInterfaceOrientations_iPhone = "UIInterfaceOrientationPortrait UIInterfaceOrientationLandscapeLeft UIInterfaceOrientationLandscapeRight";
				LD_RUNPATH_SEARCH_PATHS = (
					"$(inherited)",
					"@executable_path/Frameworks",
				);
				MARKETING_VERSION = 1.0;
				PRODUCT_BUNDLE_IDENTIFIER = com.wonhui.DeunDeun;
				PRODUCT_NAME = "$(TARGET_NAME)";
				SWIFT_EMIT_LOC_STRINGS = YES;
				SWIFT_VERSION = 5.0;
				TARGETED_DEVICE_FAMILY = "1,2";
			};
			name = Debug;
		};
		A7DCE3562A20A49E00FC0981 /* Release */ = {
			isa = XCBuildConfiguration;
			buildSettings = {
				ASSETCATALOG_COMPILER_APPICON_NAME = AppIcon;
				ASSETCATALOG_COMPILER_GLOBAL_ACCENT_COLOR_NAME = AccentColor;
				CODE_SIGN_STYLE = Automatic;
				CURRENT_PROJECT_VERSION = 1;
				DEVELOPMENT_TEAM = S45U2Z8NHP;
				GENERATE_INFOPLIST_FILE = YES;
				INFOPLIST_FILE = DeunDeun/Info.plist;
				INFOPLIST_KEY_UIApplicationSupportsIndirectInputEvents = YES;
				INFOPLIST_KEY_UILaunchStoryboardName = LaunchScreen;
				INFOPLIST_KEY_UISupportedInterfaceOrientations_iPad = "UIInterfaceOrientationPortrait UIInterfaceOrientationPortraitUpsideDown UIInterfaceOrientationLandscapeLeft UIInterfaceOrientationLandscapeRight";
				INFOPLIST_KEY_UISupportedInterfaceOrientations_iPhone = "UIInterfaceOrientationPortrait UIInterfaceOrientationLandscapeLeft UIInterfaceOrientationLandscapeRight";
				LD_RUNPATH_SEARCH_PATHS = (
					"$(inherited)",
					"@executable_path/Frameworks",
				);
				MARKETING_VERSION = 1.0;
				PRODUCT_BUNDLE_IDENTIFIER = com.wonhui.DeunDeun;
				PRODUCT_NAME = "$(TARGET_NAME)";
				SWIFT_EMIT_LOC_STRINGS = YES;
				SWIFT_VERSION = 5.0;
				TARGETED_DEVICE_FAMILY = "1,2";
			};
			name = Release;
		};
/* End XCBuildConfiguration section */

/* Begin XCConfigurationList section */
		A7DCE3382A20A49D00FC0981 /* Build configuration list for PBXProject "DeunDeun" */ = {
			isa = XCConfigurationList;
			buildConfigurations = (
				A7DCE3522A20A49E00FC0981 /* Debug */,
				A7DCE3532A20A49E00FC0981 /* Release */,
			);
			defaultConfigurationIsVisible = 0;
			defaultConfigurationName = Release;
		};
		A7DCE3542A20A49E00FC0981 /* Build configuration list for PBXNativeTarget "DeunDeun" */ = {
			isa = XCConfigurationList;
			buildConfigurations = (
				A7DCE3552A20A49E00FC0981 /* Debug */,
				A7DCE3562A20A49E00FC0981 /* Release */,
			);
			defaultConfigurationIsVisible = 0;
			defaultConfigurationName = Release;
		};
/* End XCConfigurationList section */

/* Begin XCVersionGroup section */
		A7DCE3492A20A49D00FC0981 /* DeunDeun.xcdatamodeld */ = {
			isa = XCVersionGroup;
			children = (
				A7DCE34A2A20A49D00FC0981 /* DeunDeun.xcdatamodel */,
			);
			currentVersion = A7DCE34A2A20A49D00FC0981 /* DeunDeun.xcdatamodel */;
			path = DeunDeun.xcdatamodeld;
			sourceTree = "<group>";
			versionGroupType = wrapper.xcdatamodel;
		};
/* End XCVersionGroup section */
	};
	rootObject = A7DCE3352A20A49D00FC0981 /* Project object */;
}
